
Microsoft Visual Studio Solution File, Format Version 12.00
# Visual Studio 15
VisualStudioVersion = 15.0.27004.2006
MinimumVisualStudioVersion = 10.0.40219.1
Project("{F184B08F-C81C-45F6-A57F-5ABD9991F28F}") = "Chalkboard", "Chalkboard\Chalkboard.vbproj", "{B678DFDE-EAF7-427D-A74C-74653A2D00B6}"
EndProject
Global
	GlobalSection(SolutionConfigurationPlatforms) = preSolution
		Debug|Any CPU = Debug|Any CPU
		Release|Any CPU = Release|Any CPU
	EndGlobalSection
	GlobalSection(ProjectConfigurationPlatforms) = postSolution
		{B678DFDE-EAF7-427D-A74C-74653A2D00B6}.Debug|Any CPU.ActiveCfg = Debug|Any CPU
		{B678DFDE-EAF7-427D-A74C-74653A2D00B6}.Debug|Any CPU.Build.0 = Debug|Any CPU
		{B678DFDE-EAF7-427D-A74C-74653A2D00B6}.Release|Any CPU.ActiveCfg = Release|Any CPU
		{B678DFDE-EAF7-427D-A74C-74653A2D00B6}.Release|Any CPU.Build.0 = Release|Any CPU
	EndGlobalSection
	GlobalSection(SolutionProperties) = preSolution
		HideSolutionNode = FALSE
	EndGlobalSection
	GlobalSection(ExtensibilityGlobals) = postSolution
		SolutionGuid = {BB4FFA2C-FA1C-4898-90F0-C88AC298AEF0}
	EndGlobalSection
EndGlobal
